
Microsoft Visual Studio Solution File, Format Version 12.00
# Visual Studio 2013
VisualStudioVersion = 12.0.31101.0
MinimumVisualStudioVersion = 10.0.40219.1
Project("{FAE04EC0-301F-11D3-BF4B-00C04F79EFBC}") = "My.Range", "My.Range\My.Range.csproj", "{91BE6026-21D3-4024-807D-4622C3140CC8}"
EndProject
Global
	GlobalSection(SolutionConfigurationPlatforms) = preSolution
		Debug|Any CPU = Debug|Any CPU
		Release|Any CPU = Release|Any CPU
	EndGlobalSection
	GlobalSection(ProjectConfigurationPlatforms) = postSolution
		{91BE6026-21D3-4024-807D-4622C3140CC8}.Debug|Any CPU.ActiveCfg = Debug|Any CPU
		{91BE6026-21D3-4024-807D-4622C3140CC8}.Debug|Any CPU.Build.0 = Debug|Any CPU
		{91BE6026-21D3-4024-807D-4622C3140CC8}.Release|Any CPU.ActiveCfg = Release|Any CPU
		{91BE6026-21D3-4024-807D-4622C3140CC8}.Release|Any CPU.Build.0 = Release|Any CPU
	EndGlobalSection
	GlobalSection(SolutionProperties) = preSolution
		HideSolutionNode = FALSE
	EndGlobalSection
EndGlobal
